
Microsoft Visual Studio Solution File, Format Version 12.00
# Visual Studio Version 17
VisualStudioVersion = 17.3.32901.215
MinimumVisualStudioVersion = 10.0.40219.1
Project("{9A19103F-16F7-4668-BE54-9A1E7A4F7556}") = "NZWalks.API", "NZWalks.API\NZWalks.API.csproj", "{A0EBC5AC-0FA2-4A87-9701-CCC5236DD68E}"
EndProject
Project("{FAE04EC0-301F-11D3-BF4B-00C04F79EFBC}") = "NZWalks.API.Test", "NZWalks.API.Test\NZWalks.API.Test.csproj", "{76D059E2-1642-40C8-B0D6-B3A8BD913D34}"
EndProject
Global
	GlobalSection(SolutionConfigurationPlatforms) = preSolution
		Debug|Any CPU = Debug|Any CPU
		Release|Any CPU = Release|Any CPU
	EndGlobalSection
	GlobalSection(ProjectConfigurationPlatforms) = postSolution
		{A0EBC5AC-0FA2-4A87-9701-CCC5236DD68E}.Debug|Any CPU.ActiveCfg = Debug|Any CPU
		{A0EBC5AC-0FA2-4A87-9701-CCC5236DD68E}.Debug|Any CPU.Build.0 = Debug|Any CPU
		{A0EBC5AC-0FA2-4A87-9701-CCC5236DD68E}.Release|Any CPU.ActiveCfg = Release|Any CPU
		{A0EBC5AC-0FA2-4A87-9701-CCC5236DD68E}.Release|Any CPU.Build.0 = Release|Any CPU
		{76D059E2-1642-40C8-B0D6-B3A8BD913D34}.Debug|Any CPU.ActiveCfg = Debug|Any CPU
		{76D059E2-1642-40C8-B0D6-B3A8BD913D34}.Debug|Any CPU.Build.0 = Debug|Any CPU
		{76D059E2-1642-40C8-B0D6-B3A8BD913D34}.Release|Any CPU.ActiveCfg = Release|Any CPU
		{76D059E2-1642-40C8-B0D6-B3A8BD913D34}.Release|Any CPU.Build.0 = Release|Any CPU
	EndGlobalSection
	GlobalSection(SolutionProperties) = preSolution
		HideSolutionNode = FALSE
	EndGlobalSection
	GlobalSection(ExtensibilityGlobals) = postSolution
		SolutionGuid = {393C4218-25A3-4158-908A-E49EB620A6A3}
	EndGlobalSection
EndGlobal
